
Microsoft Visual Studio Solution File, Format Version 12.00
# Visual Studio Version 17
VisualStudioVersion = 17.8.34408.163
MinimumVisualStudioVersion = 10.0.40219.1
Project("{FAE04EC0-301F-11D3-BF4B-00C04F79EFBC}") = "clp", "CLI_Project\clp.csproj", "{6404AAAA-00E0-4A18-AAE5-3F5C835C47D5}"
EndProject
Global
	GlobalSection(SolutionConfigurationPlatforms) = preSolution
		Debug|Any CPU = Debug|Any CPU
		Release|Any CPU = Release|Any CPU
	EndGlobalSection
	GlobalSection(ProjectConfigurationPlatforms) = postSolution
		{6404AAAA-00E0-4A18-AAE5-3F5C835C47D5}.Debug|Any CPU.ActiveCfg = Debug|Any CPU
		{6404AAAA-00E0-4A18-AAE5-3F5C835C47D5}.Debug|Any CPU.Build.0 = Debug|Any CPU
		{6404AAAA-00E0-4A18-AAE5-3F5C835C47D5}.Release|Any CPU.ActiveCfg = Release|Any CPU
		{6404AAAA-00E0-4A18-AAE5-3F5C835C47D5}.Release|Any CPU.Build.0 = Release|Any CPU
	EndGlobalSection
	GlobalSection(SolutionProperties) = preSolution
		HideSolutionNode = FALSE
	EndGlobalSection
	GlobalSection(ExtensibilityGlobals) = postSolution
		SolutionGuid = {574764A5-3D20-484D-9EF2-D3FD66351C0C}
	EndGlobalSection
EndGlobal
